
Microsoft Visual Studio Solution File, Format Version 12.00
# Visual Studio Version 16
VisualStudioVersion = 16.0.31624.102
MinimumVisualStudioVersion = 10.0.40219.1
Project("{FAE04EC0-301F-11D3-BF4B-00C04F79EFBC}") = "ArrayofObject", "ArrayofObject\ArrayofObject.csproj", "{6C7ACAF9-6039-471A-967D-9D505CB196CA}"
EndProject
Global
	GlobalSection(SolutionConfigurationPlatforms) = preSolution
		Debug|Any CPU = Debug|Any CPU
		Release|Any CPU = Release|Any CPU
	EndGlobalSection
	GlobalSection(ProjectConfigurationPlatforms) = postSolution
		{6C7ACAF9-6039-471A-967D-9D505CB196CA}.Debug|Any CPU.ActiveCfg = Debug|Any CPU
		{6C7ACAF9-6039-471A-967D-9D505CB196CA}.Debug|Any CPU.Build.0 = Debug|Any CPU
		{6C7ACAF9-6039-471A-967D-9D505CB196CA}.Release|Any CPU.ActiveCfg = Release|Any CPU
		{6C7ACAF9-6039-471A-967D-9D505CB196CA}.Release|Any CPU.Build.0 = Release|Any CPU
	EndGlobalSection
	GlobalSection(SolutionProperties) = preSolution
		HideSolutionNode = FALSE
	EndGlobalSection
	GlobalSection(ExtensibilityGlobals) = postSolution
		SolutionGuid = {0A8EAA8E-D5ED-4659-915F-8D9B1FFC1B18}
	EndGlobalSection
EndGlobal
